
Microsoft Visual Studio Solution File, Format Version 12.00
# Visual Studio Version 16
VisualStudioVersion = 16.0.31402.337
MinimumVisualStudioVersion = 10.0.40219.1
Project("{FAE04EC0-301F-11D3-BF4B-00C04F79EFBC}") = "LMS", "LMS.csproj", "{EE51F865-2E3A-4BCC-806D-DF1E65759B36}"
EndProject
Global
	GlobalSection(SolutionConfigurationPlatforms) = preSolution
		Debug|Any CPU = Debug|Any CPU
		Release|Any CPU = Release|Any CPU
	EndGlobalSection
	GlobalSection(ProjectConfigurationPlatforms) = postSolution
		{EE51F865-2E3A-4BCC-806D-DF1E65759B36}.Debug|Any CPU.ActiveCfg = Debug|Any CPU
		{EE51F865-2E3A-4BCC-806D-DF1E65759B36}.Debug|Any CPU.Build.0 = Debug|Any CPU
		{EE51F865-2E3A-4BCC-806D-DF1E65759B36}.Release|Any CPU.ActiveCfg = Release|Any CPU
		{EE51F865-2E3A-4BCC-806D-DF1E65759B36}.Release|Any CPU.Build.0 = Release|Any CPU
	EndGlobalSection
	GlobalSection(SolutionProperties) = preSolution
		HideSolutionNode = FALSE
	EndGlobalSection
	GlobalSection(ExtensibilityGlobals) = postSolution
		SolutionGuid = {D327C8B4-70EA-47FD-B4B1-4DE184D9FBB7}
	EndGlobalSection
EndGlobal
